
Microsoft Visual Studio Solution File, Format Version 12.00
# Visual Studio Version 17
VisualStudioVersion = 17.0.31903.59
MinimumVisualStudioVersion = 10.0.40219.1
Project("{FAE04EC0-301F-11D3-BF4B-00C04F79EFBC}") = "DataCrawler.API", "DataCrawler.API\DataCrawler.API.csproj", "{EC050D2E-D3EF-46C7-8862-A1C5F45E1E37}"
EndProject
Project("{FAE04EC0-301F-11D3-BF4B-00C04F79EFBC}") = "DataCrawler.Worker", "DataCrawler.Worker\DataCrawler.Worker.csproj", "{4596E187-7BCD-4E80-A2A9-E6B549C7AFA4}"
EndProject
Global
	GlobalSection(SolutionConfigurationPlatforms) = preSolution
		Debug|Any CPU = Debug|Any CPU
		Release|Any CPU = Release|Any CPU
	EndGlobalSection
	GlobalSection(SolutionProperties) = preSolution
		HideSolutionNode = FALSE
	EndGlobalSection
	GlobalSection(ProjectConfigurationPlatforms) = postSolution
		{EC050D2E-D3EF-46C7-8862-A1C5F45E1E37}.Debug|Any CPU.ActiveCfg = Debug|Any CPU
		{EC050D2E-D3EF-46C7-8862-A1C5F45E1E37}.Debug|Any CPU.Build.0 = Debug|Any CPU
		{EC050D2E-D3EF-46C7-8862-A1C5F45E1E37}.Release|Any CPU.ActiveCfg = Release|Any CPU
		{EC050D2E-D3EF-46C7-8862-A1C5F45E1E37}.Release|Any CPU.Build.0 = Release|Any CPU
		{4596E187-7BCD-4E80-A2A9-E6B549C7AFA4}.Debug|Any CPU.ActiveCfg = Debug|Any CPU
		{4596E187-7BCD-4E80-A2A9-E6B549C7AFA4}.Debug|Any CPU.Build.0 = Debug|Any CPU
		{4596E187-7BCD-4E80-A2A9-E6B549C7AFA4}.Release|Any CPU.ActiveCfg = Release|Any CPU
		{4596E187-7BCD-4E80-A2A9-E6B549C7AFA4}.Release|Any CPU.Build.0 = Release|Any CPU
	EndGlobalSection
EndGlobal
